
Microsoft Visual Studio Solution File, Format Version 12.00
# Visual Studio Version 16
VisualStudioVersion = 16.0.30517.126
MinimumVisualStudioVersion = 10.0.40219.1
Project("{FAE04EC0-301F-11D3-BF4B-00C04F79EFBC}") = "SimplePayService", "SimplePayService\SimplePayService.csproj", "{AC64B2DD-DF14-4CB7-8228-605FD36F8320}"
EndProject
Global
	GlobalSection(SolutionConfigurationPlatforms) = preSolution
		Debug|Any CPU = Debug|Any CPU
		Release|Any CPU = Release|Any CPU
	EndGlobalSection
	GlobalSection(ProjectConfigurationPlatforms) = postSolution
		{AC64B2DD-DF14-4CB7-8228-605FD36F8320}.Debug|Any CPU.ActiveCfg = Debug|Any CPU
		{AC64B2DD-DF14-4CB7-8228-605FD36F8320}.Debug|Any CPU.Build.0 = Debug|Any CPU
		{AC64B2DD-DF14-4CB7-8228-605FD36F8320}.Release|Any CPU.ActiveCfg = Release|Any CPU
		{AC64B2DD-DF14-4CB7-8228-605FD36F8320}.Release|Any CPU.Build.0 = Release|Any CPU
	EndGlobalSection
	GlobalSection(SolutionProperties) = preSolution
		HideSolutionNode = FALSE
	EndGlobalSection
	GlobalSection(ExtensibilityGlobals) = postSolution
		SolutionGuid = {2456188A-CE48-4813-905E-0939DB5E28E7}
	EndGlobalSection
EndGlobal
